{
    "name": "maki-ds",
    "lockfileVersion": 2,
    "requires": true,
    "packages": {
        "": {
            "workspaces": [
                "packages/*"
            ]
        },
        "node_modules/@maki-ds/core": {
            "resolved": "packages/core",
            "link": true
        },
        "node_modules/@maki-ds/icons": {
            "resolved": "packages/icons",
            "link": true
        },
        "packages/core": {
            "name": "@maki-ds/core",
            "version": "0.0.0"
        },
        "packages/icons": {
            "name": "@maki-ds/icons",
            "version": "1.0.0",
            "license": "MIT"
        }
    },
    "dependencies": {
        "@maki-ds/core": {
            "version": "file:packages/core"
        },
        "@maki-ds/icons": {
            "version": "file:packages/icons"
        }
    }
}
