{
	"name": "@maki-ds/icons",
	"version": "0.0.23",
	"lockfileVersion": 1,
	"requires": true,
	"dependencies": {
		"@genie-solutions/motif-tokens": {
			"version": "2.1.1",
			"resolved": "https://registry.npmjs.org/@genie-solutions/motif-tokens/-/motif-tokens-2.1.1.tgz",
			"integrity": "sha512-B8LRuja8ZATPtZnRmUE6C+Yy7yFO8DiZq9Ngs5KIeib1s663Eq567vmNfZbhk5WUDNJoJagNj4tWrm29Jx6QiQ=="
		}
	}
}
